
Microsoft Visual Studio Solution File, Format Version 12.00
# Visual Studio Version 16
VisualStudioVersion = 16.0.30621.155
MinimumVisualStudioVersion = 10.0.40219.1
Project("{9A19103F-16F7-4668-BE54-9A1E7A4F7556}") = "FirmaDeweloperskaWeb", "FirmaDeweloperskaWeb.csproj", "{B345FA85-44D2-481C-A8F8-88CCCC53D28E}"
EndProject
Global
	GlobalSection(SolutionConfigurationPlatforms) = preSolution
		Debug|Any CPU = Debug|Any CPU
		Release|Any CPU = Release|Any CPU
	EndGlobalSection
	GlobalSection(ProjectConfigurationPlatforms) = postSolution
		{B345FA85-44D2-481C-A8F8-88CCCC53D28E}.Debug|Any CPU.ActiveCfg = Debug|Any CPU
		{B345FA85-44D2-481C-A8F8-88CCCC53D28E}.Debug|Any CPU.Build.0 = Debug|Any CPU
		{B345FA85-44D2-481C-A8F8-88CCCC53D28E}.Release|Any CPU.ActiveCfg = Release|Any CPU
		{B345FA85-44D2-481C-A8F8-88CCCC53D28E}.Release|Any CPU.Build.0 = Release|Any CPU
	EndGlobalSection
	GlobalSection(SolutionProperties) = preSolution
		HideSolutionNode = FALSE
	EndGlobalSection
	GlobalSection(ExtensibilityGlobals) = postSolution
		SolutionGuid = {193B3515-E1FE-4AB6-A99E-293CAE476106}
	EndGlobalSection
EndGlobal
